
Microsoft Visual Studio Solution File, Format Version 12.00
# Visual Studio 15
VisualStudioVersion = 15.0.27130.2026
MinimumVisualStudioVersion = 10.0.40219.1
Project("{F184B08F-C81C-45F6-A57F-5ABD9991F28F}") = "MocaCF2017", "MocaCF\MocaCF2017.vbproj", "{CACDAF3A-0F65-4ED0-94DC-846B0B9EF439}"
EndProject
Project("{F184B08F-C81C-45F6-A57F-5ABD9991F28F}") = "MocaCFForms2017", "MocaCFForms\MocaCFForms2017.vbproj", "{BC0636B4-039B-4AC7-836C-64AD87E1541B}"
EndProject
Project("{F184B08F-C81C-45F6-A57F-5ABD9991F28F}") = "DemoHT2017", "DemoHT\DemoHT2017.vbproj", "{A1A51AF7-C57C-4EDD-A0A1-50A21F061690}"
EndProject
Project("{8BC9CEB8-8B4A-11D0-8D11-00A0C91BC942}") = "NuGetPackage", "NuGetPackage\NuGetPackage2017.vcxproj", "{67AF69FB-EA34-4726-8325-0C2E6FB2547B}"
EndProject
Project("{2150E333-8FDC-42A3-9474-1A3956D46DE8}") = "Solution Items", "Solution Items", "{451D4084-CB7F-4F19-81D4-8C81F2ADBEF8}"
	ProjectSection(SolutionItems) = preProject
		LICENSE.md = LICENSE.md
		README.md = README.md
	EndProjectSection
EndProject
Global
	GlobalSection(SolutionConfigurationPlatforms) = preSolution
		Debug|Any CPU = Debug|Any CPU
		Debug|x86 = Debug|x86
		Release|Any CPU = Release|Any CPU
		Release|x86 = Release|x86
	EndGlobalSection
	GlobalSection(ProjectConfigurationPlatforms) = postSolution
		{CACDAF3A-0F65-4ED0-94DC-846B0B9EF439}.Debug|Any CPU.ActiveCfg = Debug|Any CPU
		{CACDAF3A-0F65-4ED0-94DC-846B0B9EF439}.Debug|Any CPU.Build.0 = Debug|Any CPU
		{CACDAF3A-0F65-4ED0-94DC-846B0B9EF439}.Debug|x86.ActiveCfg = Debug|Any CPU
		{CACDAF3A-0F65-4ED0-94DC-846B0B9EF439}.Debug|x86.Build.0 = Debug|Any CPU
		{CACDAF3A-0F65-4ED0-94DC-846B0B9EF439}.Release|Any CPU.ActiveCfg = Release|Any CPU
		{CACDAF3A-0F65-4ED0-94DC-846B0B9EF439}.Release|Any CPU.Build.0 = Release|Any CPU
		{CACDAF3A-0F65-4ED0-94DC-846B0B9EF439}.Release|x86.ActiveCfg = Release|Any CPU
		{CACDAF3A-0F65-4ED0-94DC-846B0B9EF439}.Release|x86.Build.0 = Release|Any CPU
		{BC0636B4-039B-4AC7-836C-64AD87E1541B}.Debug|Any CPU.ActiveCfg = Debug|Any CPU
		{BC0636B4-039B-4AC7-836C-64AD87E1541B}.Debug|Any CPU.Build.0 = Debug|Any CPU
		{BC0636B4-039B-4AC7-836C-64AD87E1541B}.Debug|x86.ActiveCfg = Debug|Any CPU
		{BC0636B4-039B-4AC7-836C-64AD87E1541B}.Debug|x86.Build.0 = Debug|Any CPU
		{BC0636B4-039B-4AC7-836C-64AD87E1541B}.Release|Any CPU.ActiveCfg = Release|Any CPU
		{BC0636B4-039B-4AC7-836C-64AD87E1541B}.Release|Any CPU.Build.0 = Release|Any CPU
		{BC0636B4-039B-4AC7-836C-64AD87E1541B}.Release|x86.ActiveCfg = Release|Any CPU
		{BC0636B4-039B-4AC7-836C-64AD87E1541B}.Release|x86.Build.0 = Release|Any CPU
		{A1A51AF7-C57C-4EDD-A0A1-50A21F061690}.Debug|Any CPU.ActiveCfg = Debug|Any CPU
		{A1A51AF7-C57C-4EDD-A0A1-50A21F061690}.Debug|Any CPU.Build.0 = Debug|Any CPU
		{A1A51AF7-C57C-4EDD-A0A1-50A21F061690}.Debug|x86.ActiveCfg = Debug|Any CPU
		{A1A51AF7-C57C-4EDD-A0A1-50A21F061690}.Debug|x86.Build.0 = Debug|Any CPU
		{A1A51AF7-C57C-4EDD-A0A1-50A21F061690}.Release|Any CPU.ActiveCfg = Release|Any CPU
		{A1A51AF7-C57C-4EDD-A0A1-50A21F061690}.Release|x86.ActiveCfg = Release|Any CPU
		{A1A51AF7-C57C-4EDD-A0A1-50A21F061690}.Release|x86.Build.0 = Release|Any CPU
		{67AF69FB-EA34-4726-8325-0C2E6FB2547B}.Debug|Any CPU.ActiveCfg = Debug|Win32
		{67AF69FB-EA34-4726-8325-0C2E6FB2547B}.Debug|x86.ActiveCfg = Debug|Win32
		{67AF69FB-EA34-4726-8325-0C2E6FB2547B}.Debug|x86.Build.0 = Debug|Win32
		{67AF69FB-EA34-4726-8325-0C2E6FB2547B}.Release|Any CPU.ActiveCfg = Release|Win32
		{67AF69FB-EA34-4726-8325-0C2E6FB2547B}.Release|Any CPU.Build.0 = Release|Win32
		{67AF69FB-EA34-4726-8325-0C2E6FB2547B}.Release|x86.ActiveCfg = Release|Win32
		{67AF69FB-EA34-4726-8325-0C2E6FB2547B}.Release|x86.Build.0 = Release|Win32
	EndGlobalSection
	GlobalSection(SolutionProperties) = preSolution
		HideSolutionNode = FALSE
	EndGlobalSection
	GlobalSection(ExtensibilityGlobals) = postSolution
		SolutionGuid = {8DC3D326-4005-4239-81DC-F6D2276B1B66}
	EndGlobalSection
EndGlobal
