
Microsoft Visual Studio Solution File, Format Version 10.00
# Visual Studio 2008
Project("{F184B08F-C81C-45F6-A57F-5ABD9991F28F}") = "MocaCFForms", "MocaCFForms\MocaCFForms.vbproj", "{BC0636B4-039B-4AC7-836C-64AD87E1541B}"
EndProject
Project("{F184B08F-C81C-45F6-A57F-5ABD9991F28F}") = "DemoHT", "DemoHT\DemoHT.vbproj", "{A1A51AF7-C57C-4EDD-A0A1-50A21F061690}"
EndProject
Project("{F184B08F-C81C-45F6-A57F-5ABD9991F28F}") = "MocaCF", "MocaCF\MocaCF.vbproj", "{CACDAF3A-0F65-4ED0-94DC-846B0B9EF439}"
EndProject
Project("{2150E333-8FDC-42A3-9474-1A3956D46DE8}") = "Solution Items", "Solution Items", "{8A8B2ADA-7EE2-43F6-88A2-61D6D00D2AE8}"
	ProjectSection(SolutionItems) = preProject
		LICENSE.md = LICENSE.md
		README.md = README.md
	EndProjectSection
EndProject
Global
	GlobalSection(SolutionConfigurationPlatforms) = preSolution
		Debug|Any CPU = Debug|Any CPU
		Release|Any CPU = Release|Any CPU
	EndGlobalSection
	GlobalSection(ProjectConfigurationPlatforms) = postSolution
		{BC0636B4-039B-4AC7-836C-64AD87E1541B}.Debug|Any CPU.ActiveCfg = Debug|Any CPU
		{BC0636B4-039B-4AC7-836C-64AD87E1541B}.Debug|Any CPU.Build.0 = Debug|Any CPU
		{BC0636B4-039B-4AC7-836C-64AD87E1541B}.Release|Any CPU.ActiveCfg = Release|Any CPU
		{BC0636B4-039B-4AC7-836C-64AD87E1541B}.Release|Any CPU.Build.0 = Release|Any CPU
		{A1A51AF7-C57C-4EDD-A0A1-50A21F061690}.Debug|Any CPU.ActiveCfg = Debug|Any CPU
		{A1A51AF7-C57C-4EDD-A0A1-50A21F061690}.Debug|Any CPU.Build.0 = Debug|Any CPU
		{A1A51AF7-C57C-4EDD-A0A1-50A21F061690}.Debug|Any CPU.Deploy.0 = Debug|Any CPU
		{A1A51AF7-C57C-4EDD-A0A1-50A21F061690}.Release|Any CPU.ActiveCfg = Release|Any CPU
		{A1A51AF7-C57C-4EDD-A0A1-50A21F061690}.Release|Any CPU.Build.0 = Release|Any CPU
		{A1A51AF7-C57C-4EDD-A0A1-50A21F061690}.Release|Any CPU.Deploy.0 = Release|Any CPU
		{CACDAF3A-0F65-4ED0-94DC-846B0B9EF439}.Debug|Any CPU.ActiveCfg = Debug|Any CPU
		{CACDAF3A-0F65-4ED0-94DC-846B0B9EF439}.Debug|Any CPU.Build.0 = Debug|Any CPU
		{CACDAF3A-0F65-4ED0-94DC-846B0B9EF439}.Release|Any CPU.ActiveCfg = Release|Any CPU
		{CACDAF3A-0F65-4ED0-94DC-846B0B9EF439}.Release|Any CPU.Build.0 = Release|Any CPU
	EndGlobalSection
	GlobalSection(SolutionProperties) = preSolution
		HideSolutionNode = FALSE
	EndGlobalSection
EndGlobal
